
Microsoft Visual Studio Solution File, Format Version 12.00
# Visual Studio Version 16
VisualStudioVersion = 16.0.30503.244
MinimumVisualStudioVersion = 10.0.40219.1
Project("{9A19103F-16F7-4668-BE54-9A1E7A4F7556}") = "Ex10", "Ex10\Ex10.csproj", "{1ADE8303-F44D-4FCF-98B4-8C846ECD3970}"
EndProject
Project("{9A19103F-16F7-4668-BE54-9A1E7A4F7556}") = "ReceiptTests", "Receipt.Test\ReceiptTests.csproj", "{78DBD540-385D-4BAF-BD2B-6F73581D57B3}"
EndProject
Global
	GlobalSection(SolutionConfigurationPlatforms) = preSolution
		Debug|Any CPU = Debug|Any CPU
		Release|Any CPU = Release|Any CPU
	EndGlobalSection
	GlobalSection(ProjectConfigurationPlatforms) = postSolution
		{1ADE8303-F44D-4FCF-98B4-8C846ECD3970}.Debug|Any CPU.ActiveCfg = Debug|Any CPU
		{1ADE8303-F44D-4FCF-98B4-8C846ECD3970}.Debug|Any CPU.Build.0 = Debug|Any CPU
		{1ADE8303-F44D-4FCF-98B4-8C846ECD3970}.Release|Any CPU.ActiveCfg = Release|Any CPU
		{1ADE8303-F44D-4FCF-98B4-8C846ECD3970}.Release|Any CPU.Build.0 = Release|Any CPU
		{78DBD540-385D-4BAF-BD2B-6F73581D57B3}.Debug|Any CPU.ActiveCfg = Debug|Any CPU
		{78DBD540-385D-4BAF-BD2B-6F73581D57B3}.Debug|Any CPU.Build.0 = Debug|Any CPU
		{78DBD540-385D-4BAF-BD2B-6F73581D57B3}.Release|Any CPU.ActiveCfg = Release|Any CPU
		{78DBD540-385D-4BAF-BD2B-6F73581D57B3}.Release|Any CPU.Build.0 = Release|Any CPU
	EndGlobalSection
	GlobalSection(SolutionProperties) = preSolution
		HideSolutionNode = FALSE
	EndGlobalSection
	GlobalSection(ExtensibilityGlobals) = postSolution
		SolutionGuid = {08FFFCC8-4C65-4F84-9AA1-057C8EEFBFEB}
	EndGlobalSection
EndGlobal
